{
  "nodes": {
    "control_center": {
      "inputs": {
        "flake-utils": "flake-utils",
        "nixpkgs": "nixpkgs",
        "screenrotate": "screenrotate"
      },
      "locked": {
        "lastModified": 1670095732,
        "narHash": "sha256-WBFEQYT54JP4ODX16MeK+QDtDC1xSzJTA/WE2pKF7Wc=",
        "owner": "Quoteme",
        "repo": "control_center",
        "rev": "7217d314b120764c3ce0d17ee2adc19d423fdc7a",
        "type": "github"
      },
      "original": {
        "owner": "Quoteme",
        "repo": "control_center",
        "type": "github"
      }
    },
    "flake-utils": {
      "locked": {
        "lastModified": 1659877975,
        "narHash": "sha256-zllb8aq3YO3h8B/U0/J1WBgAL8EX5yWf5pMj3G0NAmc=",
        "owner": "numtide",
        "repo": "flake-utils",
        "rev": "c0e246b9b83f637f4681389ecabcb2681b4f3af0",
        "type": "github"
      },
      "original": {
        "owner": "numtide",
        "repo": "flake-utils",
        "type": "github"
      }
    },
    "flake-utils_2": {
      "locked": {
        "lastModified": 1659877975,
        "narHash": "sha256-zllb8aq3YO3h8B/U0/J1WBgAL8EX5yWf5pMj3G0NAmc=",
        "owner": "numtide",
        "repo": "flake-utils",
        "rev": "c0e246b9b83f637f4681389ecabcb2681b4f3af0",
        "type": "github"
      },
      "original": {
        "owner": "numtide",
        "repo": "flake-utils",
        "type": "github"
      }
    },
    "flake-utils_3": {
      "locked": {
        "lastModified": 1652372896,
        "narHash": "sha256-lURGussfF3mGrFPQT3zgW7+RC0pBhbHzco0C7I+ilow=",
        "owner": "numtide",
        "repo": "flake-utils",
        "rev": "0d347c56f6f41de822a4f4c7ff5072f3382db121",
        "type": "github"
      },
      "original": {
        "owner": "numtide",
        "repo": "flake-utils",
        "type": "github"
      }
    },
    "flake-utils_4": {
      "locked": {
        "lastModified": 1659877975,
        "narHash": "sha256-zllb8aq3YO3h8B/U0/J1WBgAL8EX5yWf5pMj3G0NAmc=",
        "owner": "numtide",
        "repo": "flake-utils",
        "rev": "c0e246b9b83f637f4681389ecabcb2681b4f3af0",
        "type": "github"
      },
      "original": {
        "owner": "numtide",
        "repo": "flake-utils",
        "type": "github"
      }
    },
    "flake-utils_5": {
      "locked": {
        "lastModified": 1667395993,
        "narHash": "sha256-nuEHfE/LcWyuSWnS8t12N1wc105Qtau+/OdUAjtQ0rA=",
        "owner": "numtide",
        "repo": "flake-utils",
        "rev": "5aed5285a952e0b949eb3ba02c12fa4fcfef535f",
        "type": "github"
      },
      "original": {
        "owner": "numtide",
        "repo": "flake-utils",
        "type": "github"
      }
    },
    "nixpkgs": {
      "locked": {
        "lastModified": 1661120702,
        "narHash": "sha256-o2P8sp6FaCwPT8i67Un3w5DN0+nFnY8e9xk7Tj0hpmE=",
        "owner": "nixos",
        "repo": "nixpkgs",
        "rev": "3ed15c29ce0fd1c3fcfbbeebcf1607057200d83c",
        "type": "github"
      },
      "original": {
        "owner": "nixos",
        "ref": "nixpkgs-unstable",
        "repo": "nixpkgs",
        "type": "github"
      }
    },
    "nixpkgs_2": {
      "locked": {
        "lastModified": 1675158573,
        "narHash": "sha256-HkKEZA/8mt7iJ2eotjPMz6XUdjBW8E2aH0AoqLJ9vEs=",
        "owner": "nixos",
        "repo": "nixpkgs",
        "rev": "e3945057be467f32028ff6b67403be08285ad8c8",
        "type": "github"
      },
      "original": {
        "owner": "nixos",
        "ref": "nixpkgs-unstable",
        "repo": "nixpkgs",
        "type": "github"
      }
    },
    "nixpkgs_3": {
      "locked": {
        "lastModified": 1670681895,
        "narHash": "sha256-kZH9DSU36W4fn1z81a/24JCGkU517TcY50VE0RFJ9k4=",
        "owner": "nixos",
        "repo": "nixpkgs",
        "rev": "f82f0ec1b70b2879c3f3d9a1015a05c73a90a17c",
        "type": "github"
      },
      "original": {
        "owner": "nixos",
        "ref": "nixpkgs-unstable",
        "repo": "nixpkgs",
        "type": "github"
      }
    },
    "root": {
      "inputs": {
        "control_center": "control_center",
        "flake-utils": "flake-utils_3",
        "nixpkgs": "nixpkgs_2",
        "screenrotate": "screenrotate_2",
        "xmonad-workspace-preview": "xmonad-workspace-preview"
      }
    },
    "screenrotate": {
      "inputs": {
        "flake-utils": "flake-utils_2",
        "nixpkgs": [
          "control_center",
          "nixpkgs"
        ]
      },
      "locked": {
        "lastModified": 1663352202,
        "narHash": "sha256-h58ChZdOrHjz2eOnyWQI5pXSMz3yCnoazBHLVwWpTP8=",
        "owner": "Quoteme",
        "repo": "screenrotate",
        "rev": "bd0e4cd6463833ec0c9764c5f737aa5aceeb3a86",
        "type": "github"
      },
      "original": {
        "owner": "Quoteme",
        "repo": "screenrotate",
        "type": "github"
      }
    },
    "screenrotate_2": {
      "inputs": {
        "flake-utils": "flake-utils_4",
        "nixpkgs": [
          "nixpkgs"
        ]
      },
      "locked": {
        "lastModified": 1666510157,
        "narHash": "sha256-9gj/lsI4pyij3ML5kJi4SM4ZPuU+Pt7kU2cIj73G2aU=",
        "owner": "Quoteme",
        "repo": "screenrotate",
        "rev": "935082e6970a78ccb642940eee16fcec260675dd",
        "type": "github"
      },
      "original": {
        "owner": "Quoteme",
        "repo": "screenrotate",
        "type": "github"
      }
    },
    "xmonad-workspace-preview": {
      "inputs": {
        "flake-utils": "flake-utils_5",
        "nixpkgs": "nixpkgs_3"
      },
      "locked": {
        "lastModified": 1670772752,
        "narHash": "sha256-Q6vKbHgSCvFnKX27FX5s8EwbUXZpuKE83lAOClFFwYk=",
        "owner": "Quoteme",
        "repo": "xmonad-workspace-preview",
        "rev": "808f36d625cd673ee63f32616c90fb72a4086600",
        "type": "github"
      },
      "original": {
        "owner": "Quoteme",
        "repo": "xmonad-workspace-preview",
        "type": "github"
      }
    }
  },
  "root": "root",
  "version": 7
}
